
Microsoft Visual Studio Solution File, Format Version 11.00
# Visual Studio 2010
Project("{E24C65DC-7377-472B-9ABA-BC803B73C61A}") = "Transport", ".", "{CD3C8F21-92A5-4E1B-B3CB-94FD996D7170}"
	ProjectSection(WebsiteProperties) = preProject
		TargetFrameworkMoniker = ".NETFramework,Version%3Dv4.0"
		Debug.AspNetCompiler.VirtualPath = "/car"
		Debug.AspNetCompiler.PhysicalPath = "E:\项目\未分类\car\"
		Debug.AspNetCompiler.TargetPath = "PrecompiledWeb\car\"
		Debug.AspNetCompiler.Updateable = "true"
		Debug.AspNetCompiler.ForceOverwrite = "true"
		Debug.AspNetCompiler.FixedNames = "false"
		Debug.AspNetCompiler.Debug = "True"
		Release.AspNetCompiler.VirtualPath = "/car"
		Release.AspNetCompiler.PhysicalPath = "E:\项目\未分类\car\"
		Release.AspNetCompiler.TargetPath = "PrecompiledWeb\car\"
		Release.AspNetCompiler.Updateable = "true"
		Release.AspNetCompiler.ForceOverwrite = "true"
		Release.AspNetCompiler.FixedNames = "false"
		Release.AspNetCompiler.Debug = "False"
		VWDPort = "4988"
	EndProjectSection
EndProject
Global
	GlobalSection(SolutionConfigurationPlatforms) = preSolution
		Debug|.NET = Debug|.NET
	EndGlobalSection
	GlobalSection(ProjectConfigurationPlatforms) = postSolution
		{CD3C8F21-92A5-4E1B-B3CB-94FD996D7170}.Debug|.NET.ActiveCfg = Debug|.NET
		{CD3C8F21-92A5-4E1B-B3CB-94FD996D7170}.Debug|.NET.Build.0 = Debug|.NET
	EndGlobalSection
	GlobalSection(SolutionProperties) = preSolution
		HideSolutionNode = FALSE
	EndGlobalSection
EndGlobal
